
Microsoft Visual Studio Solution File, Format Version 12.00
# Visual Studio 15
VisualStudioVersion = 15.0.28307.489
MinimumVisualStudioVersion = 10.0.40219.1
Project("{FAE04EC0-301F-11D3-BF4B-00C04F79EFBC}") = "Examen", "Examen\Examen.csproj", "{322AC9E6-EF8C-49B8-B96B-F5C81664F3DC}"
EndProject
Global
	GlobalSection(SolutionConfigurationPlatforms) = preSolution
		Debug|Any CPU = Debug|Any CPU
		Release|Any CPU = Release|Any CPU
	EndGlobalSection
	GlobalSection(ProjectConfigurationPlatforms) = postSolution
		{322AC9E6-EF8C-49B8-B96B-F5C81664F3DC}.Debug|Any CPU.ActiveCfg = Debug|Any CPU
		{322AC9E6-EF8C-49B8-B96B-F5C81664F3DC}.Debug|Any CPU.Build.0 = Debug|Any CPU
		{322AC9E6-EF8C-49B8-B96B-F5C81664F3DC}.Release|Any CPU.ActiveCfg = Release|Any CPU
		{322AC9E6-EF8C-49B8-B96B-F5C81664F3DC}.Release|Any CPU.Build.0 = Release|Any CPU
	EndGlobalSection
	GlobalSection(SolutionProperties) = preSolution
		HideSolutionNode = FALSE
	EndGlobalSection
	GlobalSection(ExtensibilityGlobals) = postSolution
		SolutionGuid = {B060A597-8DD5-4C4D-A6B7-2ABA019840F5}
	EndGlobalSection
EndGlobal
